# This file was autogenerated by Stack.
# You should not edit this file by hand.
# For more information, please see the documentation at:
#   https://docs.haskellstack.org/en/stable/lock_files

packages:
- completed:
    hackage: wai-routes-0.10.4@sha256:b7d0c2d42c221d78c045a284f218d25e342af3554ab4ff34f3d26d80ca1a4d45,3648
    pantry-tree:
      size: 1393
      sha256: d6ef7105b65ceb6bb67af5b5e137696f138915ac50c1b5b31ece86e5705ecbe6
  original:
    hackage: wai-routes-0.10.4
snapshots:
- completed:
    size: 524104
    url: https://raw.githubusercontent.com/commercialhaskell/stackage-snapshots/master/lts/14/5.yaml
    sha256: 3c146eebc1b383211ea49d5422fb3d63d699da12307b4bc989107300eb579d60
  original: lts-14.5
